// !$*UTF8*$!
{
	archiveVersion = 1;
	classes = {
	};
	objectVersion = 50;
	objects = {

/* Begin PBXBuildFile section */
		E16ED2342084AAC6001980C7 /* AppDelegate.m in Sources */ = {isa = PBXBuildFile; fileRef = E16ED2332084AAC6001980C7 /* AppDelegate.m */; };
		E16ED2372084AAC6001980C7 /* ViewController.m in Sources */ = {isa = PBXBuildFile; fileRef = E16ED2362084AAC6001980C7 /* ViewController.m */; };
		E16ED23A2084AAC6001980C7 /* Main.storyboard in Resources */ = {isa = PBXBuildFile; fileRef = E16ED2382084AAC6001980C7 /* Main.storyboard */; };
		E16ED23D2084AAC6001980C7 /* reactive.xcdatamodeld in Sources */ = {isa = PBXBuildFile; fileRef = E16ED23B2084AAC6001980C7 /* reactive.xcdatamodeld */; };
		E16ED23F2084AAC7001980C7 /* Assets.xcassets in Resources */ = {isa = PBXBuildFile; fileRef = E16ED23E2084AAC7001980C7 /* Assets.xcassets */; };
		E16ED2422084AAC7001980C7 /* LaunchScreen.storyboard in Resources */ = {isa = PBXBuildFile; fileRef = E16ED2402084AAC7001980C7 /* LaunchScreen.storyboard */; };
		E16ED2452084AAC7001980C7 /* main.m in Sources */ = {isa = PBXBuildFile; fileRef = E16ED2442084AAC7001980C7 /* main.m */; };
		E16ED24F2084AAC7001980C7 /* reactiveTests.m in Sources */ = {isa = PBXBuildFile; fileRef = E16ED24E2084AAC7001980C7 /* reactiveTests.m */; };
		E16ED25A2084AAC7001980C7 /* reactiveUITests.m in Sources */ = {isa = PBXBuildFile; fileRef = E16ED2592084AAC7001980C7 /* reactiveUITests.m */; };
/* End PBXBuildFile section */

/* Begin PBXContainerItemProxy section */
		E16ED24B2084AAC7001980C7 /* PBXContainerItemProxy */ = {
			isa = PBXContainerItemProxy;
			containerPortal = E16ED2272084AAC6001980C7 /* Project object */;
			proxyType = 1;
			remoteGlobalIDString = E16ED22E2084AAC6001980C7;
			remoteInfo = reactive;
		};
		E16ED2562084AAC7001980C7 /* PBXContainerItemProxy */ = {
			isa = PBXContainerItemProxy;
			containerPortal = E16ED2272084AAC6001980C7 /* Project object */;
			proxyType = 1;
			remoteGlobalIDString = E16ED22E2084AAC6001980C7;
			remoteInfo = reactive;
		};
/* End PBXContainerItemProxy section */

/* Begin PBXFileReference section */
		E16ED22F2084AAC6001980C7 /* reactive.app */ = {isa = PBXFileReference; explicitFileType = wrapper.application; includeInIndex = 0; path = reactive.app; sourceTree = BUILT_PRODUCTS_DIR; };
		E16ED2322084AAC6001980C7 /* AppDelegate.h */ = {isa = PBXFileReference; lastKnownFileType = sourcecode.c.h; path = AppDelegate.h; sourceTree = "<group>"; };
		E16ED2332084AAC6001980C7 /* AppDelegate.m */ = {isa = PBXFileReference; lastKnownFileType = sourcecode.c.objc; path = AppDelegate.m; sourceTree = "<group>"; };
		E16ED2352084AAC6001980C7 /* ViewController.h */ = {isa = PBXFileReference; lastKnownFileType = sourcecode.c.h; path = ViewController.h; sourceTree = "<group>"; };
		E16ED2362084AAC6001980C7 /* ViewController.m */ = {isa = PBXFileReference; lastKnownFileType = sourcecode.c.objc; path = ViewController.m; sourceTree = "<group>"; };
		E16ED2392084AAC6001980C7 /* Base */ = {isa = PBXFileReference; lastKnownFileType = file.storyboard; name = Base; path = Base.lproj/Main.storyboard; sourceTree = "<group>"; };
		E16ED23C2084AAC6001980C7 /* reactive.xcdatamodel */ = {isa = PBXFileReference; lastKnownFileType = wrapper.xcdatamodel; path = reactive.xcdatamodel; sourceTree = "<group>"; };
		E16ED23E2084AAC7001980C7 /* Assets.xcassets */ = {isa = PBXFileReference; lastKnownFileType = folder.assetcatalog; path = Assets.xcassets; sourceTree = "<group>"; };
		E16ED2412084AAC7001980C7 /* Base */ = {isa = PBXFileReference; lastKnownFileType = file.storyboard; name = Base; path = Base.lproj/LaunchScreen.storyboard; sourceTree = "<group>"; };
		E16ED2432084AAC7001980C7 /* Info.plist */ = {isa = PBXFileReference; lastKnownFileType = text.plist.xml; path = Info.plist; sourceTree = "<group>"; };
		E16ED2442084AAC7001980C7 /* main.m */ = {isa = PBXFileReference; lastKnownFileType = sourcecode.c.objc; path = main.m; sourceTree = "<group>"; };
		E16ED24A2084AAC7001980C7 /* reactiveTests.xctest */ = {isa = PBXFileReference; explicitFileType = wrapper.cfbundle; includeInIndex = 0; path = reactiveTests.xctest; sourceTree = BUILT_PRODUCTS_DIR; };
		E16ED24E2084AAC7001980C7 /* reactiveTests.m */ = {isa = PBXFileReference; lastKnownFileType = sourcecode.c.objc; path = reactiveTests.m; sourceTree = "<group>"; };
		E16ED2502084AAC7001980C7 /* Info.plist */ = {isa = PBXFileReference; lastKnownFileType = text.plist.xml; path = Info.plist; sourceTree = "<group>"; };
		E16ED2552084AAC7001980C7 /* reactiveUITests.xctest */ = {isa = PBXFileReference; explicitFileType = wrapper.cfbundle; includeInIndex = 0; path = reactiveUITests.xctest; sourceTree = BUILT_PRODUCTS_DIR; };
		E16ED2592084AAC7001980C7 /* reactiveUITests.m */ = {isa = PBXFileReference; lastKnownFileType = sourcecode.c.objc; path = reactiveUITests.m; sourceTree = "<group>"; };
		E16ED25B2084AAC7001980C7 /* Info.plist */ = {isa = PBXFileReference; lastKnownFileType = text.plist.xml; path = Info.plist; sourceTree = "<group>"; };
/* End PBXFileReference section */

/* Begin PBXFrameworksBuildPhase section */
		E16ED22C2084AAC6001980C7 /* Frameworks */ = {
			isa = PBXFrameworksBuildPhase;
			buildActionMask = 2147483647;
			files = (
			);
			runOnlyForDeploymentPostprocessing = 0;
		};
		E16ED2472084AAC7001980C7 /* Frameworks */ = {
			isa = PBXFrameworksBuildPhase;
			buildActionMask = 2147483647;
			files = (
			);
			runOnlyForDeploymentPostprocessing = 0;
		};
		E16ED2522084AAC7001980C7 /* Frameworks */ = {
			isa = PBXFrameworksBuildPhase;
			buildActionMask = 2147483647;
			files = (
			);
			runOnlyForDeploymentPostprocessing = 0;
		};
/* End PBXFrameworksBuildPhase section */

/* Begin PBXGroup section */
		E16ED2262084AAC6001980C7 = {
			isa = PBXGroup;
			children = (
				E16ED2312084AAC6001980C7 /* reactive */,
				E16ED24D2084AAC7001980C7 /* reactiveTests */,
				E16ED2582084AAC7001980C7 /* reactiveUITests */,
				E16ED2302084AAC6001980C7 /* Products */,
			);
			sourceTree = "<group>";
		};
		E16ED2302084AAC6001980C7 /* Products */ = {
			isa = PBXGroup;
			children = (
				E16ED22F2084AAC6001980C7 /* reactive.app */,
				E16ED24A2084AAC7001980C7 /* reactiveTests.xctest */,
				E16ED2552084AAC7001980C7 /* reactiveUITests.xctest */,
			);
			name = Products;
			sourceTree = "<group>";
		};
		E16ED2312084AAC6001980C7 /* reactive */ = {
			isa = PBXGroup;
			children = (
				E16ED2322084AAC6001980C7 /* AppDelegate.h */,
				E16ED2332084AAC6001980C7 /* AppDelegate.m */,
				E16ED2352084AAC6001980C7 /* ViewController.h */,
				E16ED2362084AAC6001980C7 /* ViewController.m */,
				E16ED2382084AAC6001980C7 /* Main.storyboard */,
				E16ED23E2084AAC7001980C7 /* Assets.xcassets */,
				E16ED2402084AAC7001980C7 /* LaunchScreen.storyboard */,
				E16ED2432084AAC7001980C7 /* Info.plist */,
				E16ED2442084AAC7001980C7 /* main.m */,
				E16ED23B2084AAC6001980C7 /* reactive.xcdatamodeld */,
			);
			path = reactive;
			sourceTree = "<group>";
		};
		E16ED24D2084AAC7001980C7 /* reactiveTests */ = {
			isa = PBXGroup;
			children = (
				E16ED24E2084AAC7001980C7 /* reactiveTests.m */,
				E16ED2502084AAC7001980C7 /* Info.plist */,
			);
			path = reactiveTests;
			sourceTree = "<group>";
		};
		E16ED2582084AAC7001980C7 /* reactiveUITests */ = {
			isa = PBXGroup;
			children = (
				E16ED2592084AAC7001980C7 /* reactiveUITests.m */,
				E16ED25B2084AAC7001980C7 /* Info.plist */,
			);
			path = reactiveUITests;
			sourceTree = "<group>";
		};
/* End PBXGroup section */

/* Begin PBXNativeTarget section */
		E16ED22E2084AAC6001980C7 /* reactive */ = {
			isa = PBXNativeTarget;
			buildConfigurationList = E16ED25E2084AAC7001980C7 /* Build configuration list for PBXNativeTarget "reactive" */;
			buildPhases = (
				E16ED22B2084AAC6001980C7 /* Sources */,
				E16ED22C2084AAC6001980C7 /* Frameworks */,
				E16ED22D2084AAC6001980C7 /* Resources */,
			);
			buildRules = (
			);
			dependencies = (
			);
			name = reactive;
			productName = reactive;
			productReference = E16ED22F2084AAC6001980C7 /* reactive.app */;
			productType = "com.apple.product-type.application";
		};
		E16ED2492084AAC7001980C7 /* reactiveTests */ = {
			isa = PBXNativeTarget;
			buildConfigurationList = E16ED2612084AAC7001980C7 /* Build configuration list for PBXNativeTarget "reactiveTests" */;
			buildPhases = (
				E16ED2462084AAC7001980C7 /* Sources */,
				E16ED2472084AAC7001980C7 /* Frameworks */,
				E16ED2482084AAC7001980C7 /* Resources */,
			);
			buildRules = (
			);
			dependencies = (
				E16ED24C2084AAC7001980C7 /* PBXTargetDependency */,
			);
			name = reactiveTests;
			productName = reactiveTests;
			productReference = E16ED24A2084AAC7001980C7 /* reactiveTests.xctest */;
			productType = "com.apple.product-type.bundle.unit-test";
		};
		E16ED2542084AAC7001980C7 /* reactiveUITests */ = {
			isa = PBXNativeTarget;
			buildConfigurationList = E16ED2642084AAC7001980C7 /* Build configuration list for PBXNativeTarget "reactiveUITests" */;
			buildPhases = (
				E16ED2512084AAC7001980C7 /* Sources */,
				E16ED2522084AAC7001980C7 /* Frameworks */,
				E16ED2532084AAC7001980C7 /* Resources */,
			);
			buildRules = (
			);
			dependencies = (
				E16ED2572084AAC7001980C7 /* PBXTargetDependency */,
			);
			name = reactiveUITests;
			productName = reactiveUITests;
			productReference = E16ED2552084AAC7001980C7 /* reactiveUITests.xctest */;
			productType = "com.apple.product-type.bundle.ui-testing";
		};
/* End PBXNativeTarget section */

/* Begin PBXProject section */
		E16ED2272084AAC6001980C7 /* Project object */ = {
			isa = PBXProject;
			attributes = {
				LastUpgradeCheck = 0930;
				ORGANIZATIONNAME = Adrian;
				TargetAttributes = {
					E16ED22E2084AAC6001980C7 = {
						CreatedOnToolsVersion = 9.3;
					};
					E16ED2492084AAC7001980C7 = {
						CreatedOnToolsVersion = 9.3;
						TestTargetID = E16ED22E2084AAC6001980C7;
					};
					E16ED2542084AAC7001980C7 = {
						CreatedOnToolsVersion = 9.3;
						TestTargetID = E16ED22E2084AAC6001980C7;
					};
				};
			};
			buildConfigurationList = E16ED22A2084AAC6001980C7 /* Build configuration list for PBXProject "reactive" */;
			compatibilityVersion = "Xcode 9.3";
			developmentRegion = en;
			hasScannedForEncodings = 0;
			knownRegions = (
				en,
				Base,
			);
			mainGroup = E16ED2262084AAC6001980C7;
			productRefGroup = E16ED2302084AAC6001980C7 /* Products */;
			projectDirPath = "";
			projectRoot = "";
			targets = (
				E16ED22E2084AAC6001980C7 /* reactive */,
				E16ED2492084AAC7001980C7 /* reactiveTests */,
				E16ED2542084AAC7001980C7 /* reactiveUITests */,
			);
		};
/* End PBXProject section */

/* Begin PBXResourcesBuildPhase section */
		E16ED22D2084AAC6001980C7 /* Resources */ = {
			isa = PBXResourcesBuildPhase;
			buildActionMask = 2147483647;
			files = (
				E16ED2422084AAC7001980C7 /* LaunchScreen.storyboard in Resources */,
				E16ED23F2084AAC7001980C7 /* Assets.xcassets in Resources */,
				E16ED23A2084AAC6001980C7 /* Main.storyboard in Resources */,
			);
			runOnlyForDeploymentPostprocessing = 0;
		};
		E16ED2482084AAC7001980C7 /* Resources */ = {
			isa = PBXResourcesBuildPhase;
			buildActionMask = 2147483647;
			files = (
			);
			runOnlyForDeploymentPostprocessing = 0;
		};
		E16ED2532084AAC7001980C7 /* Resources */ = {
			isa = PBXResourcesBuildPhase;
			buildActionMask = 2147483647;
			files = (
			);
			runOnlyForDeploymentPostprocessing = 0;
		};
/* End PBXResourcesBuildPhase section */

/* Begin PBXSourcesBuildPhase section */
		E16ED22B2084AAC6001980C7 /* Sources */ = {
			isa = PBXSourcesBuildPhase;
			buildActionMask = 2147483647;
			files = (
				E16ED2372084AAC6001980C7 /* ViewController.m in Sources */,
				E16ED2342084AAC6001980C7 /* AppDelegate.m in Sources */,
				E16ED2452084AAC7001980C7 /* main.m in Sources */,
				E16ED23D2084AAC6001980C7 /* reactive.xcdatamodeld in Sources */,
			);
			runOnlyForDeploymentPostprocessing = 0;
		};
		E16ED2462084AAC7001980C7 /* Sources */ = {
			isa = PBXSourcesBuildPhase;
			buildActionMask = 2147483647;
			files = (
				E16ED24F2084AAC7001980C7 /* reactiveTests.m in Sources */,
			);
			runOnlyForDeploymentPostprocessing = 0;
		};
		E16ED2512084AAC7001980C7 /* Sources */ = {
			isa = PBXSourcesBuildPhase;
			buildActionMask = 2147483647;
			files = (
				E16ED25A2084AAC7001980C7 /* reactiveUITests.m in Sources */,
			);
			runOnlyForDeploymentPostprocessing = 0;
		};
/* End PBXSourcesBuildPhase section */

/* Begin PBXTargetDependency section */
		E16ED24C2084AAC7001980C7 /* PBXTargetDependency */ = {
			isa = PBXTargetDependency;
			target = E16ED22E2084AAC6001980C7 /* reactive */;
			targetProxy = E16ED24B2084AAC7001980C7 /* PBXContainerItemProxy */;
		};
		E16ED2572084AAC7001980C7 /* PBXTargetDependency */ = {
			isa = PBXTargetDependency;
			target = E16ED22E2084AAC6001980C7 /* reactive */;
			targetProxy = E16ED2562084AAC7001980C7 /* PBXContainerItemProxy */;
		};
/* End PBXTargetDependency section */

/* Begin PBXVariantGroup section */
		E16ED2382084AAC6001980C7 /* Main.storyboard */ = {
			isa = PBXVariantGroup;
			children = (
				E16ED2392084AAC6001980C7 /* Base */,
			);
			name = Main.storyboard;
			sourceTree = "<group>";
		};
		E16ED2402084AAC7001980C7 /* LaunchScreen.storyboard */ = {
			isa = PBXVariantGroup;
			children = (
				E16ED2412084AAC7001980C7 /* Base */,
			);
			name = LaunchScreen.storyboard;
			sourceTree = "<group>";
		};
/* End PBXVariantGroup section */

/* Begin XCBuildConfiguration section */
		E16ED25C2084AAC7001980C7 /* Debug */ = {
			isa = XCBuildConfiguration;
			buildSettings = {
				ALWAYS_SEARCH_USER_PATHS = NO;
				CLANG_ANALYZER_NONNULL = YES;
				CLANG_ANALYZER_NUMBER_OBJECT_CONVERSION = YES_AGGRESSIVE;
				CLANG_CXX_LANGUAGE_STANDARD = "gnu++14";
				CLANG_CXX_LIBRARY = "libc++";
				CLANG_ENABLE_MODULES = YES;
				CLANG_ENABLE_OBJC_ARC = YES;
				CLANG_ENABLE_OBJC_WEAK = YES;
				CLANG_WARN_BLOCK_CAPTURE_AUTORELEASING = YES;
				CLANG_WARN_BOOL_CONVERSION = YES;
				CLANG_WARN_COMMA = YES;
				CLANG_WARN_CONSTANT_CONVERSION = YES;
				CLANG_WARN_DEPRECATED_OBJC_IMPLEMENTATIONS = YES;
				CLANG_WARN_DIRECT_OBJC_ISA_USAGE = YES_ERROR;
				CLANG_WARN_DOCUMENTATION_COMMENTS = YES;
				CLANG_WARN_EMPTY_BODY = YES;
				CLANG_WARN_ENUM_CONVERSION = YES;
				CLANG_WARN_INFINITE_RECURSION = YES;
				CLANG_WARN_INT_CONVERSION = YES;
				CLANG_WARN_NON_LITERAL_NULL_CONVERSION = YES;
				CLANG_WARN_OBJC_IMPLICIT_RETAIN_SELF = YES;
				CLANG_WARN_OBJC_LITERAL_CONVERSION = YES;
				CLANG_WARN_OBJC_ROOT_CLASS = YES_ERROR;
				CLANG_WARN_RANGE_LOOP_ANALYSIS = YES;
				CLANG_WARN_STRICT_PROTOTYPES = YES;
				CLANG_WARN_SUSPICIOUS_MOVE = YES;
				CLANG_WARN_UNGUARDED_AVAILABILITY = YES_AGGRESSIVE;
				CLANG_WARN_UNREACHABLE_CODE = YES;
				CLANG_WARN__DUPLICATE_METHOD_MATCH = YES;
				CODE_SIGN_IDENTITY = "iPhone Developer";
				COPY_PHASE_STRIP = NO;
				DEBUG_INFORMATION_FORMAT = dwarf;
				ENABLE_STRICT_OBJC_MSGSEND = YES;
				ENABLE_TESTABILITY = YES;
				GCC_C_LANGUAGE_STANDARD = gnu11;
				GCC_DYNAMIC_NO_PIC = NO;
				GCC_NO_COMMON_BLOCKS = YES;
				GCC_OPTIMIZATION_LEVEL = 0;
				GCC_PREPROCESSOR_DEFINITIONS = (
					"DEBUG=1",
					"$(inherited)",
				);
				GCC_WARN_64_TO_32_BIT_CONVERSION = YES;
				GCC_WARN_ABOUT_RETURN_TYPE = YES_ERROR;
				GCC_WARN_UNDECLARED_SELECTOR = YES;
				GCC_WARN_UNINITIALIZED_AUTOS = YES_AGGRESSIVE;
				GCC_WARN_UNUSED_FUNCTION = YES;
				GCC_WARN_UNUSED_VARIABLE = YES;
				IPHONEOS_DEPLOYMENT_TARGET = 11.3;
				MTL_ENABLE_DEBUG_INFO = YES;
				ONLY_ACTIVE_ARCH = YES;
				SDKROOT = iphoneos;
			};
			name = Debug;
		};
		E16ED25D2084AAC7001980C7 /* Release */ = {
			isa = XCBuildConfiguration;
			buildSettings = {
				ALWAYS_SEARCH_USER_PATHS = NO;
				CLANG_ANALYZER_NONNULL = YES;
				CLANG_ANALYZER_NUMBER_OBJECT_CONVERSION = YES_AGGRESSIVE;
				CLANG_CXX_LANGUAGE_STANDARD = "gnu++14";
				CLANG_CXX_LIBRARY = "libc++";
				CLANG_ENABLE_MODULES = YES;
				CLANG_ENABLE_OBJC_ARC = YES;
				CLANG_ENABLE_OBJC_WEAK = YES;
				CLANG_WARN_BLOCK_CAPTURE_AUTORELEASING = YES;
				CLANG_WARN_BOOL_CONVERSION = YES;
				CLANG_WARN_COMMA = YES;
				CLANG_WARN_CONSTANT_CONVERSION = YES;
				CLANG_WARN_DEPRECATED_OBJC_IMPLEMENTATIONS = YES;
				CLANG_WARN_DIRECT_OBJC_ISA_USAGE = YES_ERROR;
				CLANG_WARN_DOCUMENTATION_COMMENTS = YES;
				CLANG_WARN_EMPTY_BODY = YES;
				CLANG_WARN_ENUM_CONVERSION = YES;
				CLANG_WARN_INFINITE_RECURSION = YES;
				CLANG_WARN_INT_CONVERSION = YES;
				CLANG_WARN_NON_LITERAL_NULL_CONVERSION = YES;
				CLANG_WARN_OBJC_IMPLICIT_RETAIN_SELF = YES;
				CLANG_WARN_OBJC_LITERAL_CONVERSION = YES;
				CLANG_WARN_OBJC_ROOT_CLASS = YES_ERROR;
				CLANG_WARN_RANGE_LOOP_ANALYSIS = YES;
				CLANG_WARN_STRICT_PROTOTYPES = YES;
				CLANG_WARN_SUSPICIOUS_MOVE = YES;
				CLANG_WARN_UNGUARDED_AVAILABILITY = YES_AGGRESSIVE;
				CLANG_WARN_UNREACHABLE_CODE = YES;
				CLANG_WARN__DUPLICATE_METHOD_MATCH = YES;
				CODE_SIGN_IDENTITY = "iPhone Developer";
				COPY_PHASE_STRIP = NO;
				DEBUG_INFORMATION_FORMAT = "dwarf-with-dsym";
				ENABLE_NS_ASSERTIONS = NO;
				ENABLE_STRICT_OBJC_MSGSEND = YES;
				GCC_C_LANGUAGE_STANDARD = gnu11;
				GCC_NO_COMMON_BLOCKS = YES;
				GCC_WARN_64_TO_32_BIT_CONVERSION = YES;
				GCC_WARN_ABOUT_RETURN_TYPE = YES_ERROR;
				GCC_WARN_UNDECLARED_SELECTOR = YES;
				GCC_WARN_UNINITIALIZED_AUTOS = YES_AGGRESSIVE;
				GCC_WARN_UNUSED_FUNCTION = YES;
				GCC_WARN_UNUSED_VARIABLE = YES;
				IPHONEOS_DEPLOYMENT_TARGET = 11.3;
				MTL_ENABLE_DEBUG_INFO = NO;
				SDKROOT = iphoneos;
				VALIDATE_PRODUCT = YES;
			};
			name = Release;
		};
		E16ED25F2084AAC7001980C7 /* Debug */ = {
			isa = XCBuildConfiguration;
			buildSettings = {
				ASSETCATALOG_COMPILER_APPICON_NAME = AppIcon;
				CODE_SIGN_STYLE = Automatic;
				DEVELOPMENT_TEAM = 2ZK9UMCA7V;
				INFOPLIST_FILE = reactive/Info.plist;
				LD_RUNPATH_SEARCH_PATHS = (
					"$(inherited)",
					"@executable_path/Frameworks",
				);
				PRODUCT_BUNDLE_IDENTIFIER = afu.reactive;
				PRODUCT_NAME = "$(TARGET_NAME)";
				TARGETED_DEVICE_FAMILY = "1,2";
			};
			name = Debug;
		};
		E16ED2602084AAC7001980C7 /* Release */ = {
			isa = XCBuildConfiguration;
			buildSettings = {
				ASSETCATALOG_COMPILER_APPICON_NAME = AppIcon;
				CODE_SIGN_STYLE = Automatic;
				DEVELOPMENT_TEAM = 2ZK9UMCA7V;
				INFOPLIST_FILE = reactive/Info.plist;
				LD_RUNPATH_SEARCH_PATHS = (
					"$(inherited)",
					"@executable_path/Frameworks",
				);
				PRODUCT_BUNDLE_IDENTIFIER = afu.reactive;
				PRODUCT_NAME = "$(TARGET_NAME)";
				TARGETED_DEVICE_FAMILY = "1,2";
			};
			name = Release;
		};
		E16ED2622084AAC7001980C7 /* Debug */ = {
			isa = XCBuildConfiguration;
			buildSettings = {
				BUNDLE_LOADER = "$(TEST_HOST)";
				CODE_SIGN_STYLE = Automatic;
				INFOPLIST_FILE = reactiveTests/Info.plist;
				LD_RUNPATH_SEARCH_PATHS = (
					"$(inherited)",
					"@executable_path/Frameworks",
					"@loader_path/Frameworks",
				);
				PRODUCT_BUNDLE_IDENTIFIER = afu.reactiveTests;
				PRODUCT_NAME = "$(TARGET_NAME)";
				TARGETED_DEVICE_FAMILY = "1,2";
				TEST_HOST = "$(BUILT_PRODUCTS_DIR)/reactive.app/reactive";
			};
			name = Debug;
		};
		E16ED2632084AAC7001980C7 /* Release */ = {
			isa = XCBuildConfiguration;
			buildSettings = {
				BUNDLE_LOADER = "$(TEST_HOST)";
				CODE_SIGN_STYLE = Automatic;
				INFOPLIST_FILE = reactiveTests/Info.plist;
				LD_RUNPATH_SEARCH_PATHS = (
					"$(inherited)",
					"@executable_path/Frameworks",
					"@loader_path/Frameworks",
				);
				PRODUCT_BUNDLE_IDENTIFIER = afu.reactiveTests;
				PRODUCT_NAME = "$(TARGET_NAME)";
				TARGETED_DEVICE_FAMILY = "1,2";
				TEST_HOST = "$(BUILT_PRODUCTS_DIR)/reactive.app/reactive";
			};
			name = Release;
		};
		E16ED2652084AAC7001980C7 /* Debug */ = {
			isa = XCBuildConfiguration;
			buildSettings = {
				CODE_SIGN_STYLE = Automatic;
				INFOPLIST_FILE = reactiveUITests/Info.plist;
				LD_RUNPATH_SEARCH_PATHS = (
					"$(inherited)",
					"@executable_path/Frameworks",
					"@loader_path/Frameworks",
				);
				PRODUCT_BUNDLE_IDENTIFIER = afu.reactiveUITests;
				PRODUCT_NAME = "$(TARGET_NAME)";
				TARGETED_DEVICE_FAMILY = "1,2";
				TEST_TARGET_NAME = reactive;
			};
			name = Debug;
		};
		E16ED2662084AAC7001980C7 /* Release */ = {
			isa = XCBuildConfiguration;
			buildSettings = {
				CODE_SIGN_STYLE = Automatic;
				INFOPLIST_FILE = reactiveUITests/Info.plist;
				LD_RUNPATH_SEARCH_PATHS = (
					"$(inherited)",
					"@executable_path/Frameworks",
					"@loader_path/Frameworks",
				);
				PRODUCT_BUNDLE_IDENTIFIER = afu.reactiveUITests;
				PRODUCT_NAME = "$(TARGET_NAME)";
				TARGETED_DEVICE_FAMILY = "1,2";
				TEST_TARGET_NAME = reactive;
			};
			name = Release;
		};
/* End XCBuildConfiguration section */

/* Begin XCConfigurationList section */
		E16ED22A2084AAC6001980C7 /* Build configuration list for PBXProject "reactive" */ = {
			isa = XCConfigurationList;
			buildConfigurations = (
				E16ED25C2084AAC7001980C7 /* Debug */,
				E16ED25D2084AAC7001980C7 /* Release */,
			);
			defaultConfigurationIsVisible = 0;
			defaultConfigurationName = Release;
		};
		E16ED25E2084AAC7001980C7 /* Build configuration list for PBXNativeTarget "reactive" */ = {
			isa = XCConfigurationList;
			buildConfigurations = (
				E16ED25F2084AAC7001980C7 /* Debug */,
				E16ED2602084AAC7001980C7 /* Release */,
			);
			defaultConfigurationIsVisible = 0;
			defaultConfigurationName = Release;
		};
		E16ED2612084AAC7001980C7 /* Build configuration list for PBXNativeTarget "reactiveTests" */ = {
			isa = XCConfigurationList;
			buildConfigurations = (
				E16ED2622084AAC7001980C7 /* Debug */,
				E16ED2632084AAC7001980C7 /* Release */,
			);
			defaultConfigurationIsVisible = 0;
			defaultConfigurationName = Release;
		};
		E16ED2642084AAC7001980C7 /* Build configuration list for PBXNativeTarget "reactiveUITests" */ = {
			isa = XCConfigurationList;
			buildConfigurations = (
				E16ED2652084AAC7001980C7 /* Debug */,
				E16ED2662084AAC7001980C7 /* Release */,
			);
			defaultConfigurationIsVisible = 0;
			defaultConfigurationName = Release;
		};
/* End XCConfigurationList section */

/* Begin XCVersionGroup section */
		E16ED23B2084AAC6001980C7 /* reactive.xcdatamodeld */ = {
			isa = XCVersionGroup;
			children = (
				E16ED23C2084AAC6001980C7 /* reactive.xcdatamodel */,
			);
			currentVersion = E16ED23C2084AAC6001980C7 /* reactive.xcdatamodel */;
			path = reactive.xcdatamodeld;
			sourceTree = "<group>";
			versionGroupType = wrapper.xcdatamodel;
		};
/* End XCVersionGroup section */
	};
	rootObject = E16ED2272084AAC6001980C7 /* Project object */;
}
